lockfileVersion: '9.0'

settings:
  autoInstallPeers: true
  excludeLinksFromLockfile: false

importers:

  .:
    devDependencies:
      '@repo/eslint-config':
        specifier: workspace:*
        version: link:../../../../meetro/packages/eslint-config
      '@repo/tailwind-config':
        specifier: workspace:*
        version: link:../tailwind-config
      '@repo/typescript-config':
        specifier: workspace:*
        version: link:../../../../meetro/packages/typescript-config
      tailwindcss-animate:
        specifier: ^1.0.7
        version: 1.0.7

packages:

  tailwindcss-animate@1.0.7:
    resolution: {integrity: sha512-bl6mpH3T7I3UFxuvDEXLxy/VuFxBk5bbzplh7tXI68mwMokNYd1t9qPBHlnyTwfa4JGC4zP516I1hYYtQ/vspA==}
    peerDependencies:
      tailwindcss: '>=3.0.0 || insiders'

snapshots:

  tailwindcss-animate@1.0.7: {}
